
Microsoft Visual Studio Solution File, Format Version 12.00
# Visual Studio 14
VisualStudioVersion = 14.0.23107.0
MinimumVisualStudioVersion = 10.0.40219.1
Project("{FAE04EC0-301F-11D3-BF4B-00C04F79EFBC}") = "Logic", "Logic\Logic.csproj", "{9539B534-70E4-4BFF-BB89-BCB41C136683}"
EndProject
Project("{FAE04EC0-301F-11D3-BF4B-00C04F79EFBC}") = "TestPolinom", "TestPolinom\TestPolinom.csproj", "{BB7AD683-A0D8-438F-9E12-F45328111407}"
EndProject
Global
	GlobalSection(SolutionConfigurationPlatforms) = preSolution
		Debug|Any CPU = Debug|Any CPU
		Release|Any CPU = Release|Any CPU
	EndGlobalSection
	GlobalSection(ProjectConfigurationPlatforms) = postSolution
		{9539B534-70E4-4BFF-BB89-BCB41C136683}.Debug|Any CPU.ActiveCfg = Debug|Any CPU
		{9539B534-70E4-4BFF-BB89-BCB41C136683}.Debug|Any CPU.Build.0 = Debug|Any CPU
		{9539B534-70E4-4BFF-BB89-BCB41C136683}.Release|Any CPU.ActiveCfg = Release|Any CPU
		{9539B534-70E4-4BFF-BB89-BCB41C136683}.Release|Any CPU.Build.0 = Release|Any CPU
		{BB7AD683-A0D8-438F-9E12-F45328111407}.Debug|Any CPU.ActiveCfg = Debug|Any CPU
		{BB7AD683-A0D8-438F-9E12-F45328111407}.Debug|Any CPU.Build.0 = Debug|Any CPU
		{BB7AD683-A0D8-438F-9E12-F45328111407}.Release|Any CPU.ActiveCfg = Release|Any CPU
		{BB7AD683-A0D8-438F-9E12-F45328111407}.Release|Any CPU.Build.0 = Release|Any CPU
	EndGlobalSection
	GlobalSection(SolutionProperties) = preSolution
		HideSolutionNode = FALSE
	EndGlobalSection
EndGlobal
